<?xml version="1.0" encoding="utf-8"?>
<Project ToolsVersion="4.0" xmlns="http://schemas.microsoft.com/developer/msbuild/2003">
  <ItemGroup>
    <Filter Include="Source Files">
      <UniqueIdentifier>{4FC737F1-C7A5-4376-A066-2A32D752A2FF}</UniqueIdentifier>
      <Extensions>cpp;c;cc;cxx;def;odl;idl;hpj;bat;asm;asmx</Extensions>
    </Filter>
    <Filter Include="Header Files">
      <UniqueIdentifier>{93995380-89BD-4b04-88EB-625FBE52EBFB}</UniqueIdentifier>
      <Extensions>h;hh;hpp;hxx;hm;inl;inc;xsd</Extensions>
    </Filter>
    <Filter Include="Resource Files">
      <UniqueIdentifier>{D9D6E242-F8AF-46E4-B9FD-80ECBC20BA3E}</UniqueIdentifier>
      <Extensions>qrc;*</Extensions>
      <ParseFiles>false</ParseFiles>
    </Filter>
    <Filter Include="Form Files">
      <UniqueIdentifier>{99349809-55BA-4b9d-BF79-8FDBB0286EB3}</UniqueIdentifier>
      <Extensions>ui</Extensions>
    </Filter>
    <Filter Include="Resource Files">
      <UniqueIdentifier>{D9D6E242-F8AF-46E4-B9FD-80ECBC20BA3E}</UniqueIdentifier>
      <Extensions>qrc;*</Extensions>
      <ParseFiles>false</ParseFiles>
    </Filter>
    <Filter Include="Generated Files">
      <UniqueIdentifier>{71ED8ED8-ACB9-4CE9-BBE1-E00B30144E11}</UniqueIdentifier>
      <Extensions>moc;h;cpp</Extensions>
      <SourceControlFiles>False</SourceControlFiles>
    </Filter>
    <Filter Include="Generated Files\Debug">
      <UniqueIdentifier>{8f83e2fb-e2c4-49ad-9147-df902bc068ec}</UniqueIdentifier>
      <Extensions>cpp;moc</Extensions>
      <SourceControlFiles>False</SourceControlFiles>
    </Filter>
    <Filter Include="Generated Files\Release">
      <UniqueIdentifier>{120dc7f7-db4e-4d37-aa15-5abec50d383a}</UniqueIdentifier>
      <Extensions>cpp;moc</Extensions>
      <SourceControlFiles>False</SourceControlFiles>
    </Filter>
    <Filter Include="Header Files\DXF">
      <UniqueIdentifier>{291510da-952b-4999-ae09-189ba26d7302}</UniqueIdentifier>
    </Filter>
    <Filter Include="Header Files\SPC">
      <UniqueIdentifier>{65864268-d903-4809-937a-78f7edd28c59}</UniqueIdentifier>
    </Filter>
    <Filter Include="Source Files\DXF">
      <UniqueIdentifier>{d0f9060a-f2e9-4798-a7cb-74d2be3762cf}</UniqueIdentifier>
    </Filter>
    <Filter Include="Source Files\SPC">
      <UniqueIdentifier>{396965d8-6432-4dab-9cc8-ba45d8b4e97c}</UniqueIdentifier>
    </Filter>
    <Filter Include="Header Files\DB">
      <UniqueIdentifier>{75d45828-5d95-48ac-8a76-9c41c1992900}</UniqueIdentifier>
    </Filter>
    <Filter Include="Source Files\DB">
      <UniqueIdentifier>{ef9048fb-7e83-46fe-a339-c83e7c3d4402}</UniqueIdentifier>
    </Filter>
    <Filter Include="Form Files\DB">
      <UniqueIdentifier>{425eca3a-c95a-4078-a20a-ad61933532dc}</UniqueIdentifier>
    </Filter>
    <Filter Include="Header Files\MOTION">
      <UniqueIdentifier>{187a09d1-64c0-4f96-a481-3135ce9b66a4}</UniqueIdentifier>
    </Filter>
    <Filter Include="Source Files\MOTION">
      <UniqueIdentifier>{90b63db8-ec46-499d-bc1b-9cc6280ee67f}</UniqueIdentifier>
    </Filter>
    <Filter Include="Form Files\MOTION">
      <UniqueIdentifier>{31d7bcf9-e64b-435e-8fb3-75bcfd9c988b}</UniqueIdentifier>
    </Filter>
    <Filter Include="Header Files\VISION">
      <UniqueIdentifier>{c9beb6c2-8a8a-4a23-a557-d53b1bb797ac}</UniqueIdentifier>
    </Filter>
    <Filter Include="Source Files\VISION">
      <UniqueIdentifier>{0f86a02d-0edb-4715-9cac-8f12fd48092f}</UniqueIdentifier>
    </Filter>
  </ItemGroup>
  <ItemGroup>
    <ClCompile Include="main.cpp">
      <Filter>Source Files</Filter>
    </ClCompile>
    <ClCompile Include="GeneratedFiles\qrc_Intelligence3DMeasurement.cpp">
      <Filter>Generated Files</Filter>
    </ClCompile>
    <ClCompile Include="DXF_RELATIVE\dxfaligneddimitem.cpp">
      <Filter>Source Files\DXF</Filter>
    </ClCompile>
    <ClCompile Include="DXF_RELATIVE\dxfangulardimitem.cpp">
      <Filter>Source Files\DXF</Filter>
    </ClCompile>
    <ClCompile Include="DXF_RELATIVE\dxfellipseitem.cpp">
      <Filter>Source Files\DXF</Filter>
    </ClCompile>
    <ClCompile Include="DXF_RELATIVE\dxfpolylineitem.cpp">
      <Filter>Source Files\DXF</Filter>
    </ClCompile>
    <ClCompile Include="DXF_RELATIVE\dxfradialdimitem.cpp">
      <Filter>Source Files\DXF</Filter>
    </ClCompile>
    <ClCompile Include="DXF_RELATIVE\entitiesparser4dxf.cpp">
      <Filter>Source Files\DXF</Filter>
    </ClCompile>
    <ClCompile Include="DXF_RELATIVE\MarkItem.cpp">
      <Filter>Source Files\DXF</Filter>
    </ClCompile>
    <ClCompile Include="DXF_RELATIVE\PathItem.cpp">
      <Filter>Source Files\DXF</Filter>
    </ClCompile>
    <ClCompile Include="GeneratedFiles\Debug\moc_qcustomplot.cpp">
      <Filter>Generated Files\Debug</Filter>
    </ClCompile>
    <ClCompile Include="GeneratedFiles\Release\moc_qcustomplot.cpp">
      <Filter>Generated Files\Release</Filter>
    </ClCompile>
    <ClCompile Include="GeneratedFiles\Debug\moc_spcwidget.cpp">
      <Filter>Generated Files\Debug</Filter>
    </ClCompile>
    <ClCompile Include="GeneratedFiles\Release\moc_spcwidget.cpp">
      <Filter>Generated Files\Release</Filter>
    </ClCompile>
    <ClCompile Include="SPC_RELATIVE\qcustomplot.cpp">
      <Filter>Source Files\SPC</Filter>
    </ClCompile>
    <ClCompile Include="SPC_RELATIVE\spcwidget.cpp">
      <Filter>Source Files\SPC</Filter>
    </ClCompile>
    <ClCompile Include="GeneratedFiles\Debug\moc_centralwidget.cpp">
      <Filter>Generated Files\Debug</Filter>
    </ClCompile>
    <ClCompile Include="GeneratedFiles\Release\moc_centralwidget.cpp">
      <Filter>Generated Files\Release</Filter>
    </ClCompile>
    <ClCompile Include="GeneratedFiles\Debug\moc_DxfPainter.cpp">
      <Filter>Generated Files\Debug</Filter>
    </ClCompile>
    <ClCompile Include="GeneratedFiles\Release\moc_DxfPainter.cpp">
      <Filter>Generated Files\Release</Filter>
    </ClCompile>
    <ClCompile Include="GeneratedFiles\Debug\moc_LaserPortCfgDlg.cpp">
      <Filter>Generated Files\Debug</Filter>
    </ClCompile>
    <ClCompile Include="GeneratedFiles\Release\moc_LaserPortCfgDlg.cpp">
      <Filter>Generated Files\Release</Filter>
    </ClCompile>
    <ClCompile Include="GeneratedFiles\Debug\moc_NewProjectDlg.cpp">
      <Filter>Generated Files\Debug</Filter>
    </ClCompile>
    <ClCompile Include="GeneratedFiles\Release\moc_NewProjectDlg.cpp">
      <Filter>Generated Files\Release</Filter>
    </ClCompile>
    <ClCompile Include="GeneratedFiles\Debug\moc_ProcessTypeCfgDlg.cpp">
      <Filter>Generated Files\Debug</Filter>
    </ClCompile>
    <ClCompile Include="GeneratedFiles\Release\moc_ProcessTypeCfgDlg.cpp">
      <Filter>Generated Files\Release</Filter>
    </ClCompile>
    <ClCompile Include="GeneratedFiles\Debug\moc_ReportGenerator.cpp">
      <Filter>Generated Files\Debug</Filter>
    </ClCompile>
    <ClCompile Include="GeneratedFiles\Release\moc_ReportGenerator.cpp">
      <Filter>Generated Files\Release</Filter>
    </ClCompile>
    <ClCompile Include="centralwidget.cpp">
      <Filter>Source Files</Filter>
    </ClCompile>
    <ClCompile Include="DxfPainter.cpp">
      <Filter>Source Files</Filter>
    </ClCompile>
    <ClCompile Include="Global.cpp">
      <Filter>Source Files</Filter>
    </ClCompile>
    <ClCompile Include="LaserPortCfgDlg.cpp">
      <Filter>Source Files</Filter>
    </ClCompile>
    <ClCompile Include="NewProjectDlg.cpp">
      <Filter>Source Files</Filter>
    </ClCompile>
    <ClCompile Include="ProcessTypeCfgDlg.cpp">
      <Filter>Source Files</Filter>
    </ClCompile>
    <ClCompile Include="ReportGenerator.cpp">
      <Filter>Source Files</Filter>
    </ClCompile>
    <ClCompile Include="GeneratedFiles\Debug\moc_DatabaseBrowser.cpp">
      <Filter>Generated Files\Debug</Filter>
    </ClCompile>
    <ClCompile Include="GeneratedFiles\Release\moc_DatabaseBrowser.cpp">
      <Filter>Generated Files\Release</Filter>
    </ClCompile>
    <ClCompile Include="GeneratedFiles\Debug\moc_DatabaseCfgDlg.cpp">
      <Filter>Generated Files\Debug</Filter>
    </ClCompile>
    <ClCompile Include="GeneratedFiles\Release\moc_DatabaseCfgDlg.cpp">
      <Filter>Generated Files\Release</Filter>
    </ClCompile>
    <ClCompile Include="DB_RELATIVE\DatabaseBrowser.cpp">
      <Filter>Source Files\DB</Filter>
    </ClCompile>
    <ClCompile Include="DB_RELATIVE\DatabaseCfgDlg.cpp">
      <Filter>Source Files\DB</Filter>
    </ClCompile>
    <ClCompile Include="GeneratedFiles\Debug\moc_CameraCtrl.cpp">
      <Filter>Generated Files\Debug</Filter>
    </ClCompile>
    <ClCompile Include="GeneratedFiles\Release\moc_CameraCtrl.cpp">
      <Filter>Generated Files\Release</Filter>
    </ClCompile>
    <ClCompile Include="GeneratedFiles\Debug\moc_MotionCtrlCfgDlg.cpp">
      <Filter>Generated Files\Debug</Filter>
    </ClCompile>
    <ClCompile Include="GeneratedFiles\Release\moc_MotionCtrlCfgDlg.cpp">
      <Filter>Generated Files\Release</Filter>
    </ClCompile>
    <ClCompile Include="GeneratedFiles\Debug\moc_MotionExecutor.cpp">
      <Filter>Generated Files\Debug</Filter>
    </ClCompile>
    <ClCompile Include="GeneratedFiles\Release\moc_MotionExecutor.cpp">
      <Filter>Generated Files\Release</Filter>
    </ClCompile>
    <ClCompile Include="MOTION_RELATIVE\CameraCtrl.cpp">
      <Filter>Source Files\MOTION</Filter>
    </ClCompile>
    <ClCompile Include="MOTION_RELATIVE\MotionCtrlCfgDlg.cpp">
      <Filter>Source Files\MOTION</Filter>
    </ClCompile>
    <ClCompile Include="MOTION_RELATIVE\MotionExecutor.cpp">
      <Filter>Source Files\MOTION</Filter>
    </ClCompile>
    <ClCompile Include="GeneratedFiles\Debug\moc_Vision.cpp">
      <Filter>Generated Files\Debug</Filter>
    </ClCompile>
    <ClCompile Include="GeneratedFiles\Release\moc_Vision.cpp">
      <Filter>Generated Files\Release</Filter>
    </ClCompile>
    <ClCompile Include="VISION_RELATIVE\Vision.cpp">
      <Filter>Source Files\VISION</Filter>
    </ClCompile>
    <ClCompile Include="GeneratedFiles\Debug\moc_mainui.cpp">
      <Filter>Generated Files\Debug</Filter>
    </ClCompile>
    <ClCompile Include="GeneratedFiles\Release\moc_mainui.cpp">
      <Filter>Generated Files\Release</Filter>
    </ClCompile>
    <ClCompile Include="mainui.cpp">
      <Filter>Source Files</Filter>
    </ClCompile>
  </ItemGroup>
  <ItemGroup>
    <CustomBuild Include="Intelligence3DMeasurement.ui">
      <Filter>Form Files</Filter>
    </CustomBuild>
    <CustomBuild Include="Intelligence3DMeasurement.qrc">
      <Filter>Resource Files</Filter>
    </CustomBuild>
    <CustomBuild Include="SPC_RELATIVE\qcustomplot.h">
      <Filter>Header Files\SPC</Filter>
    </CustomBuild>
    <CustomBuild Include="SPC_RELATIVE\spcwidget.h">
      <Filter>Header Files\SPC</Filter>
    </CustomBuild>
    <CustomBuild Include="centralwidget.h">
      <Filter>Header Files</Filter>
    </CustomBuild>
    <CustomBuild Include="DxfPainter.h">
      <Filter>Header Files</Filter>
    </CustomBuild>
    <CustomBuild Include="LaserPortCfgDlg.h">
      <Filter>Header Files</Filter>
    </CustomBuild>
    <CustomBuild Include="NewProjectDlg.h">
      <Filter>Header Files</Filter>
    </CustomBuild>
    <CustomBuild Include="ProcessTypeCfgDlg.h">
      <Filter>Header Files</Filter>
    </CustomBuild>
    <CustomBuild Include="ReportGenerator.h">
      <Filter>Header Files</Filter>
    </CustomBuild>
    <CustomBuild Include="centralwidget.ui">
      <Filter>Form Files</Filter>
    </CustomBuild>
    <CustomBuild Include="LaserPortCfgDlg.ui">
      <Filter>Form Files</Filter>
    </CustomBuild>
    <CustomBuild Include="NewProjectDlg.ui">
      <Filter>Form Files</Filter>
    </CustomBuild>
    <CustomBuild Include="ProcessTypeCfgDlg.ui">
      <Filter>Form Files</Filter>
    </CustomBuild>
    <CustomBuild Include="ReportGenerator.ui">
      <Filter>Form Files</Filter>
    </CustomBuild>
    <CustomBuild Include="DB_RELATIVE\DatabaseBrowser.h">
      <Filter>Header Files\DB</Filter>
    </CustomBuild>
    <CustomBuild Include="DB_RELATIVE\DatabaseCfgDlg.h">
      <Filter>Header Files\DB</Filter>
    </CustomBuild>
    <CustomBuild Include="DB_RELATIVE\DatabaseBrowser.ui">
      <Filter>Form Files\DB</Filter>
    </CustomBuild>
    <CustomBuild Include="DB_RELATIVE\DatabaseCfgDlg.ui">
      <Filter>Form Files\DB</Filter>
    </CustomBuild>
    <CustomBuild Include="MOTION_RELATIVE\CameraCtrl.h">
      <Filter>Header Files\MOTION</Filter>
    </CustomBuild>
    <CustomBuild Include="MOTION_RELATIVE\MotionCtrlCfgDlg.h">
      <Filter>Header Files\MOTION</Filter>
    </CustomBuild>
    <CustomBuild Include="MOTION_RELATIVE\MotionExecutor.h">
      <Filter>Header Files\MOTION</Filter>
    </CustomBuild>
    <CustomBuild Include="MOTION_RELATIVE\CameraCtrl.ui">
      <Filter>Form Files\MOTION</Filter>
    </CustomBuild>
    <CustomBuild Include="MOTION_RELATIVE\MotionCtrlCfgDlg.ui">
      <Filter>Form Files\MOTION</Filter>
    </CustomBuild>
    <CustomBuild Include="VISION_RELATIVE\Vision.h">
      <Filter>Header Files\VISION</Filter>
    </CustomBuild>
    <CustomBuild Include="mainui.h">
      <Filter>Header Files</Filter>
    </CustomBuild>
    <CustomBuild Include="mainui.ui">
      <Filter>Form Files</Filter>
    </CustomBuild>
  </ItemGroup>
  <ItemGroup>
    <ClInclude Include="GeneratedFiles\ui_Intelligence3DMeasurement.h">
      <Filter>Generated Files</Filter>
    </ClInclude>
    <ClInclude Include="DXF_RELATIVE\dxfaligneddimitem.h">
      <Filter>Header Files\DXF</Filter>
    </ClInclude>
    <ClInclude Include="DXF_RELATIVE\dxfangulardimitem.h">
      <Filter>Header Files\DXF</Filter>
    </ClInclude>
    <ClInclude Include="DXF_RELATIVE\dxfellipseitem.h">
      <Filter>Header Files\DXF</Filter>
    </ClInclude>
    <ClInclude Include="DXF_RELATIVE\dxfpolylineitem.h">
      <Filter>Header Files\DXF</Filter>
    </ClInclude>
    <ClInclude Include="DXF_RELATIVE\dxfradialdimitem.h">
      <Filter>Header Files\DXF</Filter>
    </ClInclude>
    <ClInclude Include="DXF_RELATIVE\entitiesparser4dxf.h">
      <Filter>Header Files\DXF</Filter>
    </ClInclude>
    <ClInclude Include="DXF_RELATIVE\MarkItem.h">
      <Filter>Header Files\DXF</Filter>
    </ClInclude>
    <ClInclude Include="DXF_RELATIVE\PathItem.h">
      <Filter>Header Files\DXF</Filter>
    </ClInclude>
    <ClInclude Include="Global.h">
      <Filter>Header Files</Filter>
    </ClInclude>
    <ClInclude Include="GeneratedFiles\ui_centralwidget.h">
      <Filter>Generated Files</Filter>
    </ClInclude>
    <ClInclude Include="GeneratedFiles\ui_LaserPortCfgDlg.h">
      <Filter>Generated Files</Filter>
    </ClInclude>
    <ClInclude Include="GeneratedFiles\ui_NewProjectDlg.h">
      <Filter>Generated Files</Filter>
    </ClInclude>
    <ClInclude Include="GeneratedFiles\ui_ProcessTypeCfgDlg.h">
      <Filter>Generated Files</Filter>
    </ClInclude>
    <ClInclude Include="GeneratedFiles\ui_ReportGenerator.h">
      <Filter>Generated Files</Filter>
    </ClInclude>
    <ClInclude Include="GeneratedFiles\ui_DatabaseBrowser.h">
      <Filter>Generated Files</Filter>
    </ClInclude>
    <ClInclude Include="GeneratedFiles\ui_DatabaseCfgDlg.h">
      <Filter>Generated Files</Filter>
    </ClInclude>
    <ClInclude Include="GeneratedFiles\ui_CameraCtrl.h">
      <Filter>Generated Files</Filter>
    </ClInclude>
    <ClInclude Include="GeneratedFiles\ui_MotionCtrlCfgDlg.h">
      <Filter>Generated Files</Filter>
    </ClInclude>
    <ClInclude Include="GeneratedFiles\ui_mainui.h">
      <Filter>Generated Files</Filter>
    </ClInclude>
  </ItemGroup>
</Project>